// !$*UTF8*$!
{
	archiveVersion = 1;
	classes = {
	};
	objectVersion = 50;
	objects = {

/* Begin PBXBuildFile section */
		5264D2D921F751F400D2082C /* AppDelegate.swift in Sources */ = {isa = PBXBuildFile; fileRef = 5264D2D821F751F400D2082C /* AppDelegate.swift */; };
		5264D2DB21F751F400D2082C /* ViewController.swift in Sources */ = {isa = PBXBuildFile; fileRef = 5264D2DA21F751F400D2082C /* ViewController.swift */; };
		5264D2DE21F751F400D2082C /* Main.storyboard in Resources */ = {isa = PBXBuildFile; fileRef = 5264D2DC21F751F400D2082C /* Main.storyboard */; };
		5264D2E021F751F600D2082C /* Assets.xcassets in Resources */ = {isa = PBXBuildFile; fileRef = 5264D2DF21F751F600D2082C /* Assets.xcassets */; };
		5264D2E321F751F600D2082C /* LaunchScreen.storyboard in Resources */ = {isa = PBXBuildFile; fileRef = 5264D2E121F751F600D2082C /* LaunchScreen.storyboard */; };
		5264D2EB21F7572C00D2082C /* TodayCollectionViewController.swift in Sources */ = {isa = PBXBuildFile; fileRef = 5264D2EA21F7572C00D2082C /* TodayCollectionViewController.swift */; };
		5264D2ED21F757FF00D2082C /* WatchTableViewController.swift in Sources */ = {isa = PBXBuildFile; fileRef = 5264D2EC21F757FF00D2082C /* WatchTableViewController.swift */; };
		5264D2EF21F7582D00D2082C /* SearchTableViewController.swift in Sources */ = {isa = PBXBuildFile; fileRef = 5264D2EE21F7582D00D2082C /* SearchTableViewController.swift */; };
		5264D2F121F75F2700D2082C /* TodayCollectionViewLayout.swift in Sources */ = {isa = PBXBuildFile; fileRef = 5264D2F021F75F2700D2082C /* TodayCollectionViewLayout.swift */; };
		5264D2F321F7689800D2082C /* Movie.swift in Sources */ = {isa = PBXBuildFile; fileRef = 5264D2F221F7689800D2082C /* Movie.swift */; };
		7423606C21F77BA60043B31E /* TodayCollectionViewCell.swift in Sources */ = {isa = PBXBuildFile; fileRef = 7423606B21F77BA60043B31E /* TodayCollectionViewCell.swift */; };
		743B25E021F775FB00FA85F3 /* APIRequest.swift in Sources */ = {isa = PBXBuildFile; fileRef = 743B25DF21F775FB00FA85F3 /* APIRequest.swift */; };
/* End PBXBuildFile section */

/* Begin PBXFileReference section */
		5264D2D521F751F400D2082C /* MovieWood.app */ = {isa = PBXFileReference; explicitFileType = wrapper.application; includeInIndex = 0; path = MovieWood.app; sourceTree = BUILT_PRODUCTS_DIR; };
		5264D2D821F751F400D2082C /* AppDelegate.swift */ = {isa = PBXFileReference; lastKnownFileType = sourcecode.swift; path = AppDelegate.swift; sourceTree = "<group>"; };
		5264D2DA21F751F400D2082C /* ViewController.swift */ = {isa = PBXFileReference; lastKnownFileType = sourcecode.swift; path = ViewController.swift; sourceTree = "<group>"; };
		5264D2DD21F751F400D2082C /* Base */ = {isa = PBXFileReference; lastKnownFileType = file.storyboard; name = Base; path = Base.lproj/Main.storyboard; sourceTree = "<group>"; };
		5264D2DF21F751F600D2082C /* Assets.xcassets */ = {isa = PBXFileReference; lastKnownFileType = folder.assetcatalog; path = Assets.xcassets; sourceTree = "<group>"; };
		5264D2E221F751F600D2082C /* Base */ = {isa = PBXFileReference; lastKnownFileType = file.storyboard; name = Base; path = Base.lproj/LaunchScreen.storyboard; sourceTree = "<group>"; };
		5264D2E421F751F600D2082C /* Info.plist */ = {isa = PBXFileReference; lastKnownFileType = text.plist.xml; path = Info.plist; sourceTree = "<group>"; };
		5264D2EA21F7572C00D2082C /* TodayCollectionViewController.swift */ = {isa = PBXFileReference; lastKnownFileType = sourcecode.swift; path = TodayCollectionViewController.swift; sourceTree = "<group>"; };
		5264D2EC21F757FF00D2082C /* WatchTableViewController.swift */ = {isa = PBXFileReference; lastKnownFileType = sourcecode.swift; path = WatchTableViewController.swift; sourceTree = "<group>"; };
		5264D2EE21F7582D00D2082C /* SearchTableViewController.swift */ = {isa = PBXFileReference; lastKnownFileType = sourcecode.swift; path = SearchTableViewController.swift; sourceTree = "<group>"; };
		5264D2F021F75F2700D2082C /* TodayCollectionViewLayout.swift */ = {isa = PBXFileReference; lastKnownFileType = sourcecode.swift; path = TodayCollectionViewLayout.swift; sourceTree = "<group>"; };
		5264D2F221F7689800D2082C /* Movie.swift */ = {isa = PBXFileReference; lastKnownFileType = sourcecode.swift; path = Movie.swift; sourceTree = "<group>"; };
		7423606B21F77BA60043B31E /* TodayCollectionViewCell.swift */ = {isa = PBXFileReference; lastKnownFileType = sourcecode.swift; path = TodayCollectionViewCell.swift; sourceTree = "<group>"; };
		743B25DF21F775FB00FA85F3 /* APIRequest.swift */ = {isa = PBXFileReference; lastKnownFileType = sourcecode.swift; path = APIRequest.swift; sourceTree = "<group>"; };
/* End PBXFileReference section */

/* Begin PBXFrameworksBuildPhase section */
		5264D2D221F751F400D2082C /* Frameworks */ = {
			isa = PBXFrameworksBuildPhase;
			buildActionMask = 2147483647;
			files = (
			);
			runOnlyForDeploymentPostprocessing = 0;
		};
/* End PBXFrameworksBuildPhase section */

/* Begin PBXGroup section */
		5264D2CC21F751F400D2082C = {
			isa = PBXGroup;
			children = (
				5264D2D721F751F400D2082C /* MovieWood */,
				5264D2D621F751F400D2082C /* Products */,
			);
			sourceTree = "<group>";
		};
		5264D2D621F751F400D2082C /* Products */ = {
			isa = PBXGroup;
			children = (
				5264D2D521F751F400D2082C /* MovieWood.app */,
			);
			name = Products;
			sourceTree = "<group>";
		};
		5264D2D721F751F400D2082C /* MovieWood */ = {
			isa = PBXGroup;
			children = (
				5264D2D821F751F400D2082C /* AppDelegate.swift */,
				5264D2DA21F751F400D2082C /* ViewController.swift */,
				5264D2EA21F7572C00D2082C /* TodayCollectionViewController.swift */,
				5264D2F021F75F2700D2082C /* TodayCollectionViewLayout.swift */,
				7423606B21F77BA60043B31E /* TodayCollectionViewCell.swift */,
				5264D2EC21F757FF00D2082C /* WatchTableViewController.swift */,
				5264D2EE21F7582D00D2082C /* SearchTableViewController.swift */,
				5264D2DC21F751F400D2082C /* Main.storyboard */,
				5264D2F221F7689800D2082C /* Movie.swift */,
				743B25DF21F775FB00FA85F3 /* APIRequest.swift */,
				5264D2DF21F751F600D2082C /* Assets.xcassets */,
				5264D2E121F751F600D2082C /* LaunchScreen.storyboard */,
				5264D2E421F751F600D2082C /* Info.plist */,
			);
			path = MovieWood;
			sourceTree = "<group>";
		};
/* End PBXGroup section */

/* Begin PBXNativeTarget section */
		5264D2D421F751F400D2082C /* MovieWood */ = {
			isa = PBXNativeTarget;
			buildConfigurationList = 5264D2E721F751F600D2082C /* Build configuration list for PBXNativeTarget "MovieWood" */;
			buildPhases = (
				5264D2D121F751F400D2082C /* Sources */,
				5264D2D221F751F400D2082C /* Frameworks */,
				5264D2D321F751F400D2082C /* Resources */,
			);
			buildRules = (
			);
			dependencies = (
			);
			name = MovieWood;
			productName = MovieWood;
			productReference = 5264D2D521F751F400D2082C /* MovieWood.app */;
			productType = "com.apple.product-type.application";
		};
/* End PBXNativeTarget section */

/* Begin PBXProject section */
		5264D2CD21F751F400D2082C /* Project object */ = {
			isa = PBXProject;
			attributes = {
				LastSwiftUpdateCheck = 1010;
				LastUpgradeCheck = 1010;
				ORGANIZATIONNAME = "Jean-Charles Neboit";
				TargetAttributes = {
					5264D2D421F751F400D2082C = {
						CreatedOnToolsVersion = 10.1;
					};
				};
			};
			buildConfigurationList = 5264D2D021F751F400D2082C /* Build configuration list for PBXProject "MovieWood" */;
			compatibilityVersion = "Xcode 9.3";
			developmentRegion = en;
			hasScannedForEncodings = 0;
			knownRegions = (
				en,
				Base,
			);
			mainGroup = 5264D2CC21F751F400D2082C;
			productRefGroup = 5264D2D621F751F400D2082C /* Products */;
			projectDirPath = "";
			projectRoot = "";
			targets = (
				5264D2D421F751F400D2082C /* MovieWood */,
			);
		};
/* End PBXProject section */

/* Begin PBXResourcesBuildPhase section */
		5264D2D321F751F400D2082C /* Resources */ = {
			isa = PBXResourcesBuildPhase;
			buildActionMask = 2147483647;
			files = (
				5264D2E321F751F600D2082C /* LaunchScreen.storyboard in Resources */,
				5264D2E021F751F600D2082C /* Assets.xcassets in Resources */,
				5264D2DE21F751F400D2082C /* Main.storyboard in Resources */,
			);
			runOnlyForDeploymentPostprocessing = 0;
		};
/* End PBXResourcesBuildPhase section */

/* Begin PBXSourcesBuildPhase section */
		5264D2D121F751F400D2082C /* Sources */ = {
			isa = PBXSourcesBuildPhase;
			buildActionMask = 2147483647;
			files = (
				5264D2F321F7689800D2082C /* Movie.swift in Sources */,
				5264D2DB21F751F400D2082C /* ViewController.swift in Sources */,
				5264D2D921F751F400D2082C /* AppDelegate.swift in Sources */,
				7423606C21F77BA60043B31E /* TodayCollectionViewCell.swift in Sources */,
				5264D2EF21F7582D00D2082C /* SearchTableViewController.swift in Sources */,
				5264D2EB21F7572C00D2082C /* TodayCollectionViewController.swift in Sources */,
				5264D2F121F75F2700D2082C /* TodayCollectionViewLayout.swift in Sources */,
				743B25E021F775FB00FA85F3 /* APIRequest.swift in Sources */,
				5264D2ED21F757FF00D2082C /* WatchTableViewController.swift in Sources */,
			);
			runOnlyForDeploymentPostprocessing = 0;
		};
/* End PBXSourcesBuildPhase section */

/* Begin PBXVariantGroup section */
		5264D2DC21F751F400D2082C /* Main.storyboard */ = {
			isa = PBXVariantGroup;
			children = (
				5264D2DD21F751F400D2082C /* Base */,
			);
			name = Main.storyboard;
			sourceTree = "<group>";
		};
		5264D2E121F751F600D2082C /* LaunchScreen.storyboard */ = {
			isa = PBXVariantGroup;
			children = (
				5264D2E221F751F600D2082C /* Base */,
			);
			name = LaunchScreen.storyboard;
			sourceTree = "<group>";
		};
/* End PBXVariantGroup section */

/* Begin XCBuildConfiguration section */
		5264D2E521F751F600D2082C /* Debug */ = {
			isa = XCBuildConfiguration;
			buildSettings = {
				ALWAYS_SEARCH_USER_PATHS = NO;
				CLANG_ANALYZER_NONNULL = YES;
				CLANG_ANALYZER_NUMBER_OBJECT_CONVERSION = YES_AGGRESSIVE;
				CLANG_CXX_LANGUAGE_STANDARD = "gnu++14";
				CLANG_CXX_LIBRARY = "libc++";
				CLANG_ENABLE_MODULES = YES;
				CLANG_ENABLE_OBJC_ARC = YES;
				CLANG_ENABLE_OBJC_WEAK = YES;
				CLANG_WARN_BLOCK_CAPTURE_AUTORELEASING = YES;
				CLANG_WARN_BOOL_CONVERSION = YES;
				CLANG_WARN_COMMA = YES;
				CLANG_WARN_CONSTANT_CONVERSION = YES;
				CLANG_WARN_DEPRECATED_OBJC_IMPLEMENTATIONS = YES;
				CLANG_WARN_DIRECT_OBJC_ISA_USAGE = YES_ERROR;
				CLANG_WARN_DOCUMENTATION_COMMENTS = YES;
				CLANG_WARN_EMPTY_BODY = YES;
				CLANG_WARN_ENUM_CONVERSION = YES;
				CLANG_WARN_INFINITE_RECURSION = YES;
				CLANG_WARN_INT_CONVERSION = YES;
				CLANG_WARN_NON_LITERAL_NULL_CONVERSION = YES;
				CLANG_WARN_OBJC_IMPLICIT_RETAIN_SELF = YES;
				CLANG_WARN_OBJC_LITERAL_CONVERSION = YES;
				CLANG_WARN_OBJC_ROOT_CLASS = YES_ERROR;
				CLANG_WARN_RANGE_LOOP_ANALYSIS = YES;
				CLANG_WARN_STRICT_PROTOTYPES = YES;
				CLANG_WARN_SUSPICIOUS_MOVE = YES;
				CLANG_WARN_UNGUARDED_AVAILABILITY = YES_AGGRESSIVE;
				CLANG_WARN_UNREACHABLE_CODE = YES;
				CLANG_WARN__DUPLICATE_METHOD_MATCH = YES;
				CODE_SIGN_IDENTITY = "iPhone Developer";
				COPY_PHASE_STRIP = NO;
				DEBUG_INFORMATION_FORMAT = dwarf;
				ENABLE_STRICT_OBJC_MSGSEND = YES;
				ENABLE_TESTABILITY = YES;
				GCC_C_LANGUAGE_STANDARD = gnu11;
				GCC_DYNAMIC_NO_PIC = NO;
				GCC_NO_COMMON_BLOCKS = YES;
				GCC_OPTIMIZATION_LEVEL = 0;
				GCC_PREPROCESSOR_DEFINITIONS = (
					"DEBUG=1",
					"$(inherited)",
				);
				GCC_WARN_64_TO_32_BIT_CONVERSION = YES;
				GCC_WARN_ABOUT_RETURN_TYPE = YES_ERROR;
				GCC_WARN_UNDECLARED_SELECTOR = YES;
				GCC_WARN_UNINITIALIZED_AUTOS = YES_AGGRESSIVE;
				GCC_WARN_UNUSED_FUNCTION = YES;
				GCC_WARN_UNUSED_VARIABLE = YES;
				IPHONEOS_DEPLOYMENT_TARGET = 12.1;
				MTL_ENABLE_DEBUG_INFO = INCLUDE_SOURCE;
				MTL_FAST_MATH = YES;
				ONLY_ACTIVE_ARCH = YES;
				SDKROOT = iphoneos;
				SWIFT_ACTIVE_COMPILATION_CONDITIONS = DEBUG;
				SWIFT_OPTIMIZATION_LEVEL = "-Onone";
			};
			name = Debug;
		};
		5264D2E621F751F600D2082C /* Release */ = {
			isa = XCBuildConfiguration;
			buildSettings = {
				ALWAYS_SEARCH_USER_PATHS = NO;
				CLANG_ANALYZER_NONNULL = YES;
				CLANG_ANALYZER_NUMBER_OBJECT_CONVERSION = YES_AGGRESSIVE;
				CLANG_CXX_LANGUAGE_STANDARD = "gnu++14";
				CLANG_CXX_LIBRARY = "libc++";
				CLANG_ENABLE_MODULES = YES;
				CLANG_ENABLE_OBJC_ARC = YES;
				CLANG_ENABLE_OBJC_WEAK = YES;
				CLANG_WARN_BLOCK_CAPTURE_AUTORELEASING = YES;
				CLANG_WARN_BOOL_CONVERSION = YES;
				CLANG_WARN_COMMA = YES;
				CLANG_WARN_CONSTANT_CONVERSION = YES;
				CLANG_WARN_DEPRECATED_OBJC_IMPLEMENTATIONS = YES;
				CLANG_WARN_DIRECT_OBJC_ISA_USAGE = YES_ERROR;
				CLANG_WARN_DOCUMENTATION_COMMENTS = YES;
				CLANG_WARN_EMPTY_BODY = YES;
				CLANG_WARN_ENUM_CONVERSION = YES;
				CLANG_WARN_INFINITE_RECURSION = YES;
				CLANG_WARN_INT_CONVERSION = YES;
				CLANG_WARN_NON_LITERAL_NULL_CONVERSION = YES;
				CLANG_WARN_OBJC_IMPLICIT_RETAIN_SELF = YES;
				CLANG_WARN_OBJC_LITERAL_CONVERSION = YES;
				CLANG_WARN_OBJC_ROOT_CLASS = YES_ERROR;
				CLANG_WARN_RANGE_LOOP_ANALYSIS = YES;
				CLANG_WARN_STRICT_PROTOTYPES = YES;
				CLANG_WARN_SUSPICIOUS_MOVE = YES;
				CLANG_WARN_UNGUARDED_AVAILABILITY = YES_AGGRESSIVE;
				CLANG_WARN_UNREACHABLE_CODE = YES;
				CLANG_WARN__DUPLICATE_METHOD_MATCH = YES;
				CODE_SIGN_IDENTITY = "iPhone Developer";
				COPY_PHASE_STRIP = NO;
				DEBUG_INFORMATION_FORMAT = "dwarf-with-dsym";
				ENABLE_NS_ASSERTIONS = NO;
				ENABLE_STRICT_OBJC_MSGSEND = YES;
				GCC_C_LANGUAGE_STANDARD = gnu11;
				GCC_NO_COMMON_BLOCKS = YES;
				GCC_WARN_64_TO_32_BIT_CONVERSION = YES;
				GCC_WARN_ABOUT_RETURN_TYPE = YES_ERROR;
				GCC_WARN_UNDECLARED_SELECTOR = YES;
				GCC_WARN_UNINITIALIZED_AUTOS = YES_AGGRESSIVE;
				GCC_WARN_UNUSED_FUNCTION = YES;
				GCC_WARN_UNUSED_VARIABLE = YES;
				IPHONEOS_DEPLOYMENT_TARGET = 12.1;
				MTL_ENABLE_DEBUG_INFO = NO;
				MTL_FAST_MATH = YES;
				SDKROOT = iphoneos;
				SWIFT_COMPILATION_MODE = wholemodule;
				SWIFT_OPTIMIZATION_LEVEL = "-O";
				VALIDATE_PRODUCT = YES;
			};
			name = Release;
		};
		5264D2E821F751F600D2082C /* Debug */ = {
			isa = XCBuildConfiguration;
			buildSettings = {
				ASSETCATALOG_COMPILER_APPICON_NAME = AppIcon;
				CODE_SIGN_STYLE = Automatic;
				DEVELOPMENT_TEAM = 32Y9285KBZ;
				INFOPLIST_FILE = MovieWood/Info.plist;
				LD_RUNPATH_SEARCH_PATHS = (
					"$(inherited)",
					"@executable_path/Frameworks",
				);
				PRODUCT_BUNDLE_IDENTIFIER = "com.jean-charles.MovieWood";
				PRODUCT_NAME = "$(TARGET_NAME)";
				SWIFT_VERSION = 4.2;
				TARGETED_DEVICE_FAMILY = "1,2";
			};
			name = Debug;
		};
		5264D2E921F751F600D2082C /* Release */ = {
			isa = XCBuildConfiguration;
			buildSettings = {
				ASSETCATALOG_COMPILER_APPICON_NAME = AppIcon;
				CODE_SIGN_STYLE = Automatic;
				DEVELOPMENT_TEAM = 32Y9285KBZ;
				INFOPLIST_FILE = MovieWood/Info.plist;
				LD_RUNPATH_SEARCH_PATHS = (
					"$(inherited)",
					"@executable_path/Frameworks",
				);
				PRODUCT_BUNDLE_IDENTIFIER = "com.jean-charles.MovieWood";
				PRODUCT_NAME = "$(TARGET_NAME)";
				SWIFT_VERSION = 4.2;
				TARGETED_DEVICE_FAMILY = "1,2";
			};
			name = Release;
		};
/* End XCBuildConfiguration section */

/* Begin XCConfigurationList section */
		5264D2D021F751F400D2082C /* Build configuration list for PBXProject "MovieWood" */ = {
			isa = XCConfigurationList;
			buildConfigurations = (
				5264D2E521F751F600D2082C /* Debug */,
				5264D2E621F751F600D2082C /* Release */,
			);
			defaultConfigurationIsVisible = 0;
			defaultConfigurationName = Release;
		};
		5264D2E721F751F600D2082C /* Build configuration list for PBXNativeTarget "MovieWood" */ = {
			isa = XCConfigurationList;
			buildConfigurations = (
				5264D2E821F751F600D2082C /* Debug */,
				5264D2E921F751F600D2082C /* Release */,
			);
			defaultConfigurationIsVisible = 0;
			defaultConfigurationName = Release;
		};
/* End XCConfigurationList section */
	};
	rootObject = 5264D2CD21F751F400D2082C /* Project object */;
}
